
Microsoft Visual Studio Solution File, Format Version 12.00
# Visual Studio 15
VisualStudioVersion = 15.0.26730.16
MinimumVisualStudioVersion = 10.0.40219.1
Project("{FAE04EC0-301F-11D3-BF4B-00C04F79EFBC}") = "Greeting", "Greeting\Greeting.csproj", "{5332AC38-2BD9-4E59-96E3-6D65C261954E}"
EndProject
Project("{FAE04EC0-301F-11D3-BF4B-00C04F79EFBC}") = "AddTwoNumbers", "AddTwoNumbers\AddTwoNumbers.csproj", "{6B6C5889-6F2B-45D5-A630-94FD2FB22BA6}"
EndProject
Project("{FAE04EC0-301F-11D3-BF4B-00C04F79EFBC}") = "EmployeeData", "EmployeeData\EmployeeData.csproj", "{11B4E6D3-A90C-4AF3-94B7-D1067DB9823A}"
EndProject
Global
	GlobalSection(SolutionConfigurationPlatforms) = preSolution
		Debug|Any CPU = Debug|Any CPU
		Release|Any CPU = Release|Any CPU
	EndGlobalSection
	GlobalSection(ProjectConfigurationPlatforms) = postSolution
		{5332AC38-2BD9-4E59-96E3-6D65C261954E}.Debug|Any CPU.ActiveCfg = Debug|Any CPU
		{5332AC38-2BD9-4E59-96E3-6D65C261954E}.Debug|Any CPU.Build.0 = Debug|Any CPU
		{5332AC38-2BD9-4E59-96E3-6D65C261954E}.Release|Any CPU.ActiveCfg = Release|Any CPU
		{5332AC38-2BD9-4E59-96E3-6D65C261954E}.Release|Any CPU.Build.0 = Release|Any CPU
		{6B6C5889-6F2B-45D5-A630-94FD2FB22BA6}.Debug|Any CPU.ActiveCfg = Debug|Any CPU
		{6B6C5889-6F2B-45D5-A630-94FD2FB22BA6}.Debug|Any CPU.Build.0 = Debug|Any CPU
		{6B6C5889-6F2B-45D5-A630-94FD2FB22BA6}.Release|Any CPU.ActiveCfg = Release|Any CPU
		{6B6C5889-6F2B-45D5-A630-94FD2FB22BA6}.Release|Any CPU.Build.0 = Release|Any CPU
		{11B4E6D3-A90C-4AF3-94B7-D1067DB9823A}.Debug|Any CPU.ActiveCfg = Debug|Any CPU
		{11B4E6D3-A90C-4AF3-94B7-D1067DB9823A}.Debug|Any CPU.Build.0 = Debug|Any CPU
		{11B4E6D3-A90C-4AF3-94B7-D1067DB9823A}.Release|Any CPU.ActiveCfg = Release|Any CPU
		{11B4E6D3-A90C-4AF3-94B7-D1067DB9823A}.Release|Any CPU.Build.0 = Release|Any CPU
	EndGlobalSection
	GlobalSection(SolutionProperties) = preSolution
		HideSolutionNode = FALSE
	EndGlobalSection
	GlobalSection(ExtensibilityGlobals) = postSolution
		SolutionGuid = {35FB1A96-7556-4F7C-88D4-B7A2EDCD369D}
	EndGlobalSection
EndGlobal
