
Microsoft Visual Studio Solution File, Format Version 12.00
# Visual Studio 15
VisualStudioVersion = 15.0.27428.2037
MinimumVisualStudioVersion = 10.0.40219.1
Project("{9A19103F-16F7-4668-BE54-9A1E7A4F7556}") = "SortTimes", "SortTimes\SortTimes.csproj", "{3F22A1E6-ED89-454E-9470-10EE886BDA8C}"
EndProject
Project("{9A19103F-16F7-4668-BE54-9A1E7A4F7556}") = "OddFilter", "OddFilter\OddFilter.csproj", "{48C99769-AD54-4248-9F08-47D1978DBEFC}"
EndProject
Project("{9A19103F-16F7-4668-BE54-9A1E7A4F7556}") = "ImmuneSystem", "ImmuneSystem\ImmuneSystem.csproj", "{16B6689F-CCDC-43B0-A598-806668884843}"
EndProject
Project("{FAE04EC0-301F-11D3-BF4B-00C04F79EFBC}") = "SupermarketDatabase", "SupermarketDatabase\SupermarketDatabase.csproj", "{DC42D50D-9C96-4CB9-BE27-B59A03FAE783}"
EndProject
Project("{FAE04EC0-301F-11D3-BF4B-00C04F79EFBC}") = "ParkingValidation", "ParkingValidation\ParkingValidation.csproj", "{01D40CB5-9981-47AF-A71C-B95A3BD75112}"
EndProject
Project("{FAE04EC0-301F-11D3-BF4B-00C04F79EFBC}") = "ByteFlip", "ByteFlip\ByteFlip.csproj", "{62670990-832F-4C59-AD3E-F83F8A3DD8AF}"
EndProject
Project("{FAE04EC0-301F-11D3-BF4B-00C04F79EFBC}") = "TakeSkipRope", "TakeSkipRope\TakeSkipRope.csproj", "{B8541421-E80B-439A-8C42-4F4FEBE47340}"
EndProject
Global
	GlobalSection(SolutionConfigurationPlatforms) = preSolution
		Debug|Any CPU = Debug|Any CPU
		Release|Any CPU = Release|Any CPU
	EndGlobalSection
	GlobalSection(ProjectConfigurationPlatforms) = postSolution
		{3F22A1E6-ED89-454E-9470-10EE886BDA8C}.Debug|Any CPU.ActiveCfg = Debug|Any CPU
		{3F22A1E6-ED89-454E-9470-10EE886BDA8C}.Debug|Any CPU.Build.0 = Debug|Any CPU
		{3F22A1E6-ED89-454E-9470-10EE886BDA8C}.Release|Any CPU.ActiveCfg = Release|Any CPU
		{3F22A1E6-ED89-454E-9470-10EE886BDA8C}.Release|Any CPU.Build.0 = Release|Any CPU
		{48C99769-AD54-4248-9F08-47D1978DBEFC}.Debug|Any CPU.ActiveCfg = Debug|Any CPU
		{48C99769-AD54-4248-9F08-47D1978DBEFC}.Debug|Any CPU.Build.0 = Debug|Any CPU
		{48C99769-AD54-4248-9F08-47D1978DBEFC}.Release|Any CPU.ActiveCfg = Release|Any CPU
		{48C99769-AD54-4248-9F08-47D1978DBEFC}.Release|Any CPU.Build.0 = Release|Any CPU
		{16B6689F-CCDC-43B0-A598-806668884843}.Debug|Any CPU.ActiveCfg = Debug|Any CPU
		{16B6689F-CCDC-43B0-A598-806668884843}.Debug|Any CPU.Build.0 = Debug|Any CPU
		{16B6689F-CCDC-43B0-A598-806668884843}.Release|Any CPU.ActiveCfg = Release|Any CPU
		{16B6689F-CCDC-43B0-A598-806668884843}.Release|Any CPU.Build.0 = Release|Any CPU
		{DC42D50D-9C96-4CB9-BE27-B59A03FAE783}.Debug|Any CPU.ActiveCfg = Debug|Any CPU
		{DC42D50D-9C96-4CB9-BE27-B59A03FAE783}.Debug|Any CPU.Build.0 = Debug|Any CPU
		{DC42D50D-9C96-4CB9-BE27-B59A03FAE783}.Release|Any CPU.ActiveCfg = Release|Any CPU
		{DC42D50D-9C96-4CB9-BE27-B59A03FAE783}.Release|Any CPU.Build.0 = Release|Any CPU
		{01D40CB5-9981-47AF-A71C-B95A3BD75112}.Debug|Any CPU.ActiveCfg = Debug|Any CPU
		{01D40CB5-9981-47AF-A71C-B95A3BD75112}.Debug|Any CPU.Build.0 = Debug|Any CPU
		{01D40CB5-9981-47AF-A71C-B95A3BD75112}.Release|Any CPU.ActiveCfg = Release|Any CPU
		{01D40CB5-9981-47AF-A71C-B95A3BD75112}.Release|Any CPU.Build.0 = Release|Any CPU
		{62670990-832F-4C59-AD3E-F83F8A3DD8AF}.Debug|Any CPU.ActiveCfg = Debug|Any CPU
		{62670990-832F-4C59-AD3E-F83F8A3DD8AF}.Debug|Any CPU.Build.0 = Debug|Any CPU
		{62670990-832F-4C59-AD3E-F83F8A3DD8AF}.Release|Any CPU.ActiveCfg = Release|Any CPU
		{62670990-832F-4C59-AD3E-F83F8A3DD8AF}.Release|Any CPU.Build.0 = Release|Any CPU
		{B8541421-E80B-439A-8C42-4F4FEBE47340}.Debug|Any CPU.ActiveCfg = Debug|Any CPU
		{B8541421-E80B-439A-8C42-4F4FEBE47340}.Debug|Any CPU.Build.0 = Debug|Any CPU
		{B8541421-E80B-439A-8C42-4F4FEBE47340}.Release|Any CPU.ActiveCfg = Release|Any CPU
		{B8541421-E80B-439A-8C42-4F4FEBE47340}.Release|Any CPU.Build.0 = Release|Any CPU
	EndGlobalSection
	GlobalSection(SolutionProperties) = preSolution
		HideSolutionNode = FALSE
	EndGlobalSection
	GlobalSection(ExtensibilityGlobals) = postSolution
		SolutionGuid = {5B01EF72-BB79-44EF-B9F1-6987262E4570}
	EndGlobalSection
EndGlobal
