
Microsoft Visual Studio Solution File, Format Version 12.00
# Visual Studio 15
VisualStudioVersion = 15.0.27428.2037
MinimumVisualStudioVersion = 10.0.40219.1
Project("{FAE04EC0-301F-11D3-BF4B-00C04F79EFBC}") = "Phonebook", "Phonebook\Phonebook.csproj", "{473A7141-C204-4F68-996F-A29CC482F6B5}"
EndProject
Project("{FAE04EC0-301F-11D3-BF4B-00C04F79EFBC}") = "PhonebookUpgrade", "PhonebookUpgrade\PhonebookUpgrade.csproj", "{BF3914BA-FB06-40B7-AC08-1333DCBF8FB7}"
EndProject
Project("{FAE04EC0-301F-11D3-BF4B-00C04F79EFBC}") = "AMinerTask", "AMinerTask\AMinerTask.csproj", "{C8A7A5B1-EBAE-43BF-AAC8-5CB551EE6ED5}"
EndProject
Project("{FAE04EC0-301F-11D3-BF4B-00C04F79EFBC}") = "FixEmails", "FixEmails\FixEmails.csproj", "{CEB71547-2C3B-4A2B-BB17-6DA9849F886F}"
EndProject
Project("{FAE04EC0-301F-11D3-BF4B-00C04F79EFBC}") = "HandsOfCards", "HandsOfCards\HandsOfCards.csproj", "{4AD07C3B-58A7-4F81-8C14-5D9795AF44E3}"
EndProject
Project("{FAE04EC0-301F-11D3-BF4B-00C04F79EFBC}") = "UserLogs", "UserLogs\UserLogs.csproj", "{7DAC123D-17AB-4F9B-9A16-6852BFCD3D96}"
EndProject
Project("{FAE04EC0-301F-11D3-BF4B-00C04F79EFBC}") = "PopulationCounter", "PopulationCounter\PopulationCounter.csproj", "{7ECE1186-323A-4844-AC29-40479D74D143}"
EndProject
Project("{FAE04EC0-301F-11D3-BF4B-00C04F79EFBC}") = "LogsAggregator", "LogsAggregator\LogsAggregator.csproj", "{821814D6-F549-4C7A-838D-56FB829744FC}"
EndProject
Project("{FAE04EC0-301F-11D3-BF4B-00C04F79EFBC}") = "LegendaryFarming", "LegendaryFarming\LegendaryFarming.csproj", "{A89F6913-7895-49B0-BBA2-7E592C5CD207}"
EndProject
Project("{FAE04EC0-301F-11D3-BF4B-00C04F79EFBC}") = "СръбскоUnleashed", "СръбскоUnleashed\СръбскоUnleashed.csproj", "{6562623F-8D86-460C-A2B8-E9CD11F56A1B}"
EndProject
Project("{FAE04EC0-301F-11D3-BF4B-00C04F79EFBC}") = "DragonArmy", "DragonArmy\DragonArmy.csproj", "{22133A74-A535-472E-A5D3-7D19CD843855}"
EndProject
Global
	GlobalSection(SolutionConfigurationPlatforms) = preSolution
		Debug|Any CPU = Debug|Any CPU
		Release|Any CPU = Release|Any CPU
	EndGlobalSection
	GlobalSection(ProjectConfigurationPlatforms) = postSolution
		{473A7141-C204-4F68-996F-A29CC482F6B5}.Debug|Any CPU.ActiveCfg = Debug|Any CPU
		{473A7141-C204-4F68-996F-A29CC482F6B5}.Debug|Any CPU.Build.0 = Debug|Any CPU
		{473A7141-C204-4F68-996F-A29CC482F6B5}.Release|Any CPU.ActiveCfg = Release|Any CPU
		{473A7141-C204-4F68-996F-A29CC482F6B5}.Release|Any CPU.Build.0 = Release|Any CPU
		{BF3914BA-FB06-40B7-AC08-1333DCBF8FB7}.Debug|Any CPU.ActiveCfg = Debug|Any CPU
		{BF3914BA-FB06-40B7-AC08-1333DCBF8FB7}.Debug|Any CPU.Build.0 = Debug|Any CPU
		{BF3914BA-FB06-40B7-AC08-1333DCBF8FB7}.Release|Any CPU.ActiveCfg = Release|Any CPU
		{BF3914BA-FB06-40B7-AC08-1333DCBF8FB7}.Release|Any CPU.Build.0 = Release|Any CPU
		{C8A7A5B1-EBAE-43BF-AAC8-5CB551EE6ED5}.Debug|Any CPU.ActiveCfg = Debug|Any CPU
		{C8A7A5B1-EBAE-43BF-AAC8-5CB551EE6ED5}.Debug|Any CPU.Build.0 = Debug|Any CPU
		{C8A7A5B1-EBAE-43BF-AAC8-5CB551EE6ED5}.Release|Any CPU.ActiveCfg = Release|Any CPU
		{C8A7A5B1-EBAE-43BF-AAC8-5CB551EE6ED5}.Release|Any CPU.Build.0 = Release|Any CPU
		{CEB71547-2C3B-4A2B-BB17-6DA9849F886F}.Debug|Any CPU.ActiveCfg = Debug|Any CPU
		{CEB71547-2C3B-4A2B-BB17-6DA9849F886F}.Debug|Any CPU.Build.0 = Debug|Any CPU
		{CEB71547-2C3B-4A2B-BB17-6DA9849F886F}.Release|Any CPU.ActiveCfg = Release|Any CPU
		{CEB71547-2C3B-4A2B-BB17-6DA9849F886F}.Release|Any CPU.Build.0 = Release|Any CPU
		{4AD07C3B-58A7-4F81-8C14-5D9795AF44E3}.Debug|Any CPU.ActiveCfg = Debug|Any CPU
		{4AD07C3B-58A7-4F81-8C14-5D9795AF44E3}.Debug|Any CPU.Build.0 = Debug|Any CPU
		{4AD07C3B-58A7-4F81-8C14-5D9795AF44E3}.Release|Any CPU.ActiveCfg = Release|Any CPU
		{4AD07C3B-58A7-4F81-8C14-5D9795AF44E3}.Release|Any CPU.Build.0 = Release|Any CPU
		{7DAC123D-17AB-4F9B-9A16-6852BFCD3D96}.Debug|Any CPU.ActiveCfg = Debug|Any CPU
		{7DAC123D-17AB-4F9B-9A16-6852BFCD3D96}.Debug|Any CPU.Build.0 = Debug|Any CPU
		{7DAC123D-17AB-4F9B-9A16-6852BFCD3D96}.Release|Any CPU.ActiveCfg = Release|Any CPU
		{7DAC123D-17AB-4F9B-9A16-6852BFCD3D96}.Release|Any CPU.Build.0 = Release|Any CPU
		{7ECE1186-323A-4844-AC29-40479D74D143}.Debug|Any CPU.ActiveCfg = Debug|Any CPU
		{7ECE1186-323A-4844-AC29-40479D74D143}.Debug|Any CPU.Build.0 = Debug|Any CPU
		{7ECE1186-323A-4844-AC29-40479D74D143}.Release|Any CPU.ActiveCfg = Release|Any CPU
		{7ECE1186-323A-4844-AC29-40479D74D143}.Release|Any CPU.Build.0 = Release|Any CPU
		{821814D6-F549-4C7A-838D-56FB829744FC}.Debug|Any CPU.ActiveCfg = Debug|Any CPU
		{821814D6-F549-4C7A-838D-56FB829744FC}.Debug|Any CPU.Build.0 = Debug|Any CPU
		{821814D6-F549-4C7A-838D-56FB829744FC}.Release|Any CPU.ActiveCfg = Release|Any CPU
		{821814D6-F549-4C7A-838D-56FB829744FC}.Release|Any CPU.Build.0 = Release|Any CPU
		{A89F6913-7895-49B0-BBA2-7E592C5CD207}.Debug|Any CPU.ActiveCfg = Debug|Any CPU
		{A89F6913-7895-49B0-BBA2-7E592C5CD207}.Debug|Any CPU.Build.0 = Debug|Any CPU
		{A89F6913-7895-49B0-BBA2-7E592C5CD207}.Release|Any CPU.ActiveCfg = Release|Any CPU
		{A89F6913-7895-49B0-BBA2-7E592C5CD207}.Release|Any CPU.Build.0 = Release|Any CPU
		{6562623F-8D86-460C-A2B8-E9CD11F56A1B}.Debug|Any CPU.ActiveCfg = Debug|Any CPU
		{6562623F-8D86-460C-A2B8-E9CD11F56A1B}.Debug|Any CPU.Build.0 = Debug|Any CPU
		{6562623F-8D86-460C-A2B8-E9CD11F56A1B}.Release|Any CPU.ActiveCfg = Release|Any CPU
		{6562623F-8D86-460C-A2B8-E9CD11F56A1B}.Release|Any CPU.Build.0 = Release|Any CPU
		{22133A74-A535-472E-A5D3-7D19CD843855}.Debug|Any CPU.ActiveCfg = Debug|Any CPU
		{22133A74-A535-472E-A5D3-7D19CD843855}.Debug|Any CPU.Build.0 = Debug|Any CPU
		{22133A74-A535-472E-A5D3-7D19CD843855}.Release|Any CPU.ActiveCfg = Release|Any CPU
		{22133A74-A535-472E-A5D3-7D19CD843855}.Release|Any CPU.Build.0 = Release|Any CPU
	EndGlobalSection
	GlobalSection(SolutionProperties) = preSolution
		HideSolutionNode = FALSE
	EndGlobalSection
	GlobalSection(ExtensibilityGlobals) = postSolution
		SolutionGuid = {5C25E569-9662-4BA4-A72D-6B9DBC43706D}
	EndGlobalSection
EndGlobal
