
Microsoft Visual Studio Solution File, Format Version 12.00
# Visual Studio 15
VisualStudioVersion = 15.0.27428.2037
MinimumVisualStudioVersion = 10.0.40219.1
Project("{FAE04EC0-301F-11D3-BF4B-00C04F79EFBC}") = "CountRealNumbers", "CountRealNumbers\CountRealNumbers.csproj", "{A7A56AE1-96D9-44FD-8997-3B4CBB2108D9}"
EndProject
Project("{FAE04EC0-301F-11D3-BF4B-00C04F79EFBC}") = "OddOccurrences", "OddOccurrences\OddOccurrences.csproj", "{2A765EE5-0388-4266-B94D-CE61C1A5F6EE}"
EndProject
Project("{FAE04EC0-301F-11D3-BF4B-00C04F79EFBC}") = "MinMaxSumAverage", "MinMaxSumAverage\MinMaxSumAverage.csproj", "{099B8353-5CD6-48C2-AFE8-5F28A41E8C3E}"
EndProject
Project("{FAE04EC0-301F-11D3-BF4B-00C04F79EFBC}") = "Largest3Numbers", "Largest3Numbers\Largest3Numbers.csproj", "{372DE670-B05A-47BC-B49E-CFF2975D4359}"
EndProject
Project("{FAE04EC0-301F-11D3-BF4B-00C04F79EFBC}") = "ShortWordsSorted", "ShortWordsSorted\ShortWordsSorted.csproj", "{2156D477-069A-4B86-88FC-6577223A79D2}"
EndProject
Project("{FAE04EC0-301F-11D3-BF4B-00C04F79EFBC}") = "FoldAndSum", "FoldAndSum\FoldAndSum.csproj", "{62637B11-B9A0-40D0-B332-7A6FFDFCCBC9}"
EndProject
Global
	GlobalSection(SolutionConfigurationPlatforms) = preSolution
		Debug|Any CPU = Debug|Any CPU
		Release|Any CPU = Release|Any CPU
	EndGlobalSection
	GlobalSection(ProjectConfigurationPlatforms) = postSolution
		{A7A56AE1-96D9-44FD-8997-3B4CBB2108D9}.Debug|Any CPU.ActiveCfg = Debug|Any CPU
		{A7A56AE1-96D9-44FD-8997-3B4CBB2108D9}.Debug|Any CPU.Build.0 = Debug|Any CPU
		{A7A56AE1-96D9-44FD-8997-3B4CBB2108D9}.Release|Any CPU.ActiveCfg = Release|Any CPU
		{A7A56AE1-96D9-44FD-8997-3B4CBB2108D9}.Release|Any CPU.Build.0 = Release|Any CPU
		{2A765EE5-0388-4266-B94D-CE61C1A5F6EE}.Debug|Any CPU.ActiveCfg = Debug|Any CPU
		{2A765EE5-0388-4266-B94D-CE61C1A5F6EE}.Debug|Any CPU.Build.0 = Debug|Any CPU
		{2A765EE5-0388-4266-B94D-CE61C1A5F6EE}.Release|Any CPU.ActiveCfg = Release|Any CPU
		{2A765EE5-0388-4266-B94D-CE61C1A5F6EE}.Release|Any CPU.Build.0 = Release|Any CPU
		{099B8353-5CD6-48C2-AFE8-5F28A41E8C3E}.Debug|Any CPU.ActiveCfg = Debug|Any CPU
		{099B8353-5CD6-48C2-AFE8-5F28A41E8C3E}.Debug|Any CPU.Build.0 = Debug|Any CPU
		{099B8353-5CD6-48C2-AFE8-5F28A41E8C3E}.Release|Any CPU.ActiveCfg = Release|Any CPU
		{099B8353-5CD6-48C2-AFE8-5F28A41E8C3E}.Release|Any CPU.Build.0 = Release|Any CPU
		{372DE670-B05A-47BC-B49E-CFF2975D4359}.Debug|Any CPU.ActiveCfg = Debug|Any CPU
		{372DE670-B05A-47BC-B49E-CFF2975D4359}.Debug|Any CPU.Build.0 = Debug|Any CPU
		{372DE670-B05A-47BC-B49E-CFF2975D4359}.Release|Any CPU.ActiveCfg = Release|Any CPU
		{372DE670-B05A-47BC-B49E-CFF2975D4359}.Release|Any CPU.Build.0 = Release|Any CPU
		{2156D477-069A-4B86-88FC-6577223A79D2}.Debug|Any CPU.ActiveCfg = Debug|Any CPU
		{2156D477-069A-4B86-88FC-6577223A79D2}.Debug|Any CPU.Build.0 = Debug|Any CPU
		{2156D477-069A-4B86-88FC-6577223A79D2}.Release|Any CPU.ActiveCfg = Release|Any CPU
		{2156D477-069A-4B86-88FC-6577223A79D2}.Release|Any CPU.Build.0 = Release|Any CPU
		{62637B11-B9A0-40D0-B332-7A6FFDFCCBC9}.Debug|Any CPU.ActiveCfg = Debug|Any CPU
		{62637B11-B9A0-40D0-B332-7A6FFDFCCBC9}.Debug|Any CPU.Build.0 = Debug|Any CPU
		{62637B11-B9A0-40D0-B332-7A6FFDFCCBC9}.Release|Any CPU.ActiveCfg = Release|Any CPU
		{62637B11-B9A0-40D0-B332-7A6FFDFCCBC9}.Release|Any CPU.Build.0 = Release|Any CPU
	EndGlobalSection
	GlobalSection(SolutionProperties) = preSolution
		HideSolutionNode = FALSE
	EndGlobalSection
	GlobalSection(ExtensibilityGlobals) = postSolution
		SolutionGuid = {6B32DDF4-5226-4E4D-A6AF-40C167DA5C3A}
	EndGlobalSection
EndGlobal
