
Microsoft Visual Studio Solution File, Format Version 12.00
# Visual Studio 15
VisualStudioVersion = 15.0.27428.2037
MinimumVisualStudioVersion = 10.0.40219.1
Project("{FAE04EC0-301F-11D3-BF4B-00C04F79EFBC}") = "ConvertFromBase10TobaseN", "ConvertFromBase10TobaseN\ConvertFromBase10TobaseN.csproj", "{B9FEB548-420D-45A0-88B4-2910A4D4EC5E}"
EndProject
Project("{FAE04EC0-301F-11D3-BF4B-00C04F79EFBC}") = "ConvertFromBaseNToBase10", "ConvertFromBaseNToBase10\ConvertFromBaseNToBase10.csproj", "{87C1F344-0DC7-4C2A-906E-1F6820537BF8}"
EndProject
Project("{FAE04EC0-301F-11D3-BF4B-00C04F79EFBC}") = "UnicodeCharacters", "UnicodeCharacters\UnicodeCharacters.csproj", "{8D213AB7-119A-455E-9D22-252DE6D019B4}"
EndProject
Project("{FAE04EC0-301F-11D3-BF4B-00C04F79EFBC}") = "CharacterMultiplier", "CharacterMultiplier\CharacterMultiplier.csproj", "{6D5CCFFC-0095-47A0-9711-E479BAF212B7}"
EndProject
Project("{FAE04EC0-301F-11D3-BF4B-00C04F79EFBC}") = "MagicExchangeableWords", "MagicExchangeableWords\MagicExchangeableWords.csproj", "{9EE8D994-D066-444D-98EC-F136C4BB02CA}"
EndProject
Project("{FAE04EC0-301F-11D3-BF4B-00C04F79EFBC}") = "SumBigNumbers", "SumBigNumbers\SumBigNumbers.csproj", "{E1F02BBB-151B-4B28-B8F7-102AFC442387}"
EndProject
Project("{FAE04EC0-301F-11D3-BF4B-00C04F79EFBC}") = "MultiplyBigNumber", "MultiplyBigNumber\MultiplyBigNumber.csproj", "{935E2B39-073C-49C6-9B95-2DCACC4E65C7}"
EndProject
Global
	GlobalSection(SolutionConfigurationPlatforms) = preSolution
		Debug|Any CPU = Debug|Any CPU
		Release|Any CPU = Release|Any CPU
	EndGlobalSection
	GlobalSection(ProjectConfigurationPlatforms) = postSolution
		{B9FEB548-420D-45A0-88B4-2910A4D4EC5E}.Debug|Any CPU.ActiveCfg = Debug|Any CPU
		{B9FEB548-420D-45A0-88B4-2910A4D4EC5E}.Debug|Any CPU.Build.0 = Debug|Any CPU
		{B9FEB548-420D-45A0-88B4-2910A4D4EC5E}.Release|Any CPU.ActiveCfg = Release|Any CPU
		{B9FEB548-420D-45A0-88B4-2910A4D4EC5E}.Release|Any CPU.Build.0 = Release|Any CPU
		{87C1F344-0DC7-4C2A-906E-1F6820537BF8}.Debug|Any CPU.ActiveCfg = Debug|Any CPU
		{87C1F344-0DC7-4C2A-906E-1F6820537BF8}.Debug|Any CPU.Build.0 = Debug|Any CPU
		{87C1F344-0DC7-4C2A-906E-1F6820537BF8}.Release|Any CPU.ActiveCfg = Release|Any CPU
		{87C1F344-0DC7-4C2A-906E-1F6820537BF8}.Release|Any CPU.Build.0 = Release|Any CPU
		{8D213AB7-119A-455E-9D22-252DE6D019B4}.Debug|Any CPU.ActiveCfg = Debug|Any CPU
		{8D213AB7-119A-455E-9D22-252DE6D019B4}.Debug|Any CPU.Build.0 = Debug|Any CPU
		{8D213AB7-119A-455E-9D22-252DE6D019B4}.Release|Any CPU.ActiveCfg = Release|Any CPU
		{8D213AB7-119A-455E-9D22-252DE6D019B4}.Release|Any CPU.Build.0 = Release|Any CPU
		{6D5CCFFC-0095-47A0-9711-E479BAF212B7}.Debug|Any CPU.ActiveCfg = Debug|Any CPU
		{6D5CCFFC-0095-47A0-9711-E479BAF212B7}.Debug|Any CPU.Build.0 = Debug|Any CPU
		{6D5CCFFC-0095-47A0-9711-E479BAF212B7}.Release|Any CPU.ActiveCfg = Release|Any CPU
		{6D5CCFFC-0095-47A0-9711-E479BAF212B7}.Release|Any CPU.Build.0 = Release|Any CPU
		{9EE8D994-D066-444D-98EC-F136C4BB02CA}.Debug|Any CPU.ActiveCfg = Debug|Any CPU
		{9EE8D994-D066-444D-98EC-F136C4BB02CA}.Debug|Any CPU.Build.0 = Debug|Any CPU
		{9EE8D994-D066-444D-98EC-F136C4BB02CA}.Release|Any CPU.ActiveCfg = Release|Any CPU
		{9EE8D994-D066-444D-98EC-F136C4BB02CA}.Release|Any CPU.Build.0 = Release|Any CPU
		{E1F02BBB-151B-4B28-B8F7-102AFC442387}.Debug|Any CPU.ActiveCfg = Debug|Any CPU
		{E1F02BBB-151B-4B28-B8F7-102AFC442387}.Debug|Any CPU.Build.0 = Debug|Any CPU
		{E1F02BBB-151B-4B28-B8F7-102AFC442387}.Release|Any CPU.ActiveCfg = Release|Any CPU
		{E1F02BBB-151B-4B28-B8F7-102AFC442387}.Release|Any CPU.Build.0 = Release|Any CPU
		{935E2B39-073C-49C6-9B95-2DCACC4E65C7}.Debug|Any CPU.ActiveCfg = Debug|Any CPU
		{935E2B39-073C-49C6-9B95-2DCACC4E65C7}.Debug|Any CPU.Build.0 = Debug|Any CPU
		{935E2B39-073C-49C6-9B95-2DCACC4E65C7}.Release|Any CPU.ActiveCfg = Release|Any CPU
		{935E2B39-073C-49C6-9B95-2DCACC4E65C7}.Release|Any CPU.Build.0 = Release|Any CPU
	EndGlobalSection
	GlobalSection(SolutionProperties) = preSolution
		HideSolutionNode = FALSE
	EndGlobalSection
	GlobalSection(ExtensibilityGlobals) = postSolution
		SolutionGuid = {A2A4E4EB-929D-4A2E-9224-597EF34F70F7}
	EndGlobalSection
EndGlobal
